// !$*UTF8*$!
{
	archiveVersion = 1;
	classes = {
	};
	objectVersion = 46;
	objects = {

/* Begin PBXBuildFile section */
		D71C8CB01DF1E580007BD820 /* main.c in Sources */ = {isa = PBXBuildFile; fileRef = D71C8CAF1DF1E580007BD820 /* main.c */; };
		D77A5C161DF47B040036449B /* DataBase.c in Sources */ = {isa = PBXBuildFile; fileRef = D77A5C141DF47B040036449B /* DataBase.c */; };
		D78B54421DF7F8BA00F40455 /* HZHfunc.c in Sources */ = {isa = PBXBuildFile; fileRef = D78B54411DF7F8BA00F40455 /* HZHfunc.c */; };
		D7A85C2F1DFEA91B006BB60E /* Menu.c in Sources */ = {isa = PBXBuildFile; fileRef = D7A85C2D1DFEA91B006BB60E /* Menu.c */; };
		D7A85C301DFEA91B006BB60E /* ZCRUI.c in Sources */ = {isa = PBXBuildFile; fileRef = D7A85C2E1DFEA91B006BB60E /* ZCRUI.c */; };
/* End PBXBuildFile section */

/* Begin PBXCopyFilesBuildPhase section */
		D71C8CAA1DF1E580007BD820 /* CopyFiles */ = {
			isa = PBXCopyFilesBuildPhase;
			buildActionMask = 2147483647;
			dstPath = /usr/share/man/man1/;
			dstSubfolderSpec = 0;
			files = (
			);
			runOnlyForDeploymentPostprocessing = 1;
		};
/* End PBXCopyFilesBuildPhase section */

/* Begin PBXFileReference section */
		D71C8CAC1DF1E580007BD820 /* StudentManageSystem */ = {isa = PBXFileReference; explicitFileType = "compiled.mach-o.executable"; includeInIndex = 0; path = StudentManageSystem; sourceTree = BUILT_PRODUCTS_DIR; };
		D71C8CAF1DF1E580007BD820 /* main.c */ = {isa = PBXFileReference; fileEncoding = 4; lastKnownFileType = sourcecode.c.c; path = main.c; sourceTree = "<group>"; };
		D77A5C141DF47B040036449B /* DataBase.c */ = {isa = PBXFileReference; fileEncoding = 4; lastKnownFileType = sourcecode.c.c; path = DataBase.c; sourceTree = "<group>"; };
		D77A5C151DF47B040036449B /* DataBase.h */ = {isa = PBXFileReference; fileEncoding = 4; lastKnownFileType = sourcecode.c.h; lineEnding = 0; path = DataBase.h; sourceTree = "<group>"; };
		D78B54411DF7F8BA00F40455 /* HZHfunc.c */ = {isa = PBXFileReference; fileEncoding = 4; indentWidth = 4; lastKnownFileType = sourcecode.c.c; lineEnding = 0; path = HZHfunc.c; sourceTree = "<group>"; };
		D7A85C2B1DFEA91B006BB60E /* menu.h */ = {isa = PBXFileReference; fileEncoding = 4; lastKnownFileType = sourcecode.c.h; path = menu.h; sourceTree = "<group>"; };
		D7A85C2D1DFEA91B006BB60E /* Menu.c */ = {isa = PBXFileReference; fileEncoding = 4; lastKnownFileType = sourcecode.c.c; path = Menu.c; sourceTree = "<group>"; };
		D7A85C2E1DFEA91B006BB60E /* ZCRUI.c */ = {isa = PBXFileReference; fileEncoding = 4; lastKnownFileType = sourcecode.c.c; path = ZCRUI.c; sourceTree = "<group>"; };
		D7EB09051E05883C00E093E9 /* C_info.txt */ = {isa = PBXFileReference; fileEncoding = 4; lastKnownFileType = text; name = C_info.txt; path = "MacOsX测试文件/C_info.txt"; sourceTree = "<group>"; };
		D7EB09061E05883C00E093E9 /* S_info.txt */ = {isa = PBXFileReference; fileEncoding = 4; lastKnownFileType = text; name = S_info.txt; path = "MacOsX测试文件/S_info.txt"; sourceTree = "<group>"; };
		D7EB09071E05883C00E093E9 /* Stu_info.txt */ = {isa = PBXFileReference; fileEncoding = 4; lastKnownFileType = text; name = Stu_info.txt; path = "MacOsX测试文件/Stu_info.txt"; sourceTree = "<group>"; };
		D7EB09081E05883C00E093E9 /* stu_info2.txt */ = {isa = PBXFileReference; fileEncoding = 4; lastKnownFileType = text; name = stu_info2.txt; path = "MacOsX测试文件/stu_info2.txt"; sourceTree = "<group>"; };
		D7EB09091E05883C00E093E9 /* stu_info5.txt */ = {isa = PBXFileReference; fileEncoding = 4; lastKnownFileType = text; name = stu_info5.txt; path = "MacOsX测试文件/stu_info5.txt"; sourceTree = "<group>"; };
		D7EB090A1E05883C00E093E9 /* stu_param.txt */ = {isa = PBXFileReference; fileEncoding = 4; lastKnownFileType = text; name = stu_param.txt; path = "MacOsX测试文件/stu_param.txt"; sourceTree = "<group>"; };
		D7EB090B1E05883C00E093E9 /* stu_param2.txt */ = {isa = PBXFileReference; fileEncoding = 4; lastKnownFileType = text; name = stu_param2.txt; path = "MacOsX测试文件/stu_param2.txt"; sourceTree = "<group>"; };
		D7EB090C1E05883C00E093E9 /* stu_param5.txt */ = {isa = PBXFileReference; fileEncoding = 4; lastKnownFileType = text; name = stu_param5.txt; path = "MacOsX测试文件/stu_param5.txt"; sourceTree = "<group>"; };
/* End PBXFileReference section */

/* Begin PBXFrameworksBuildPhase section */
		D71C8CA91DF1E580007BD820 /* Frameworks */ = {
			isa = PBXFrameworksBuildPhase;
			buildActionMask = 2147483647;
			files = (
			);
			runOnlyForDeploymentPostprocessing = 0;
		};
/* End PBXFrameworksBuildPhase section */

/* Begin PBXGroup section */
		D71C8CA31DF1E580007BD820 = {
			isa = PBXGroup;
			children = (
				D71C8CAE1DF1E580007BD820 /* StudentManageSystem */,
				D71C8CAD1DF1E580007BD820 /* Products */,
			);
			sourceTree = "<group>";
		};
		D71C8CAD1DF1E580007BD820 /* Products */ = {
			isa = PBXGroup;
			children = (
				D71C8CAC1DF1E580007BD820 /* StudentManageSystem */,
			);
			name = Products;
			sourceTree = "<group>";
		};
		D71C8CAE1DF1E580007BD820 /* StudentManageSystem */ = {
			isa = PBXGroup;
			children = (
				D7EB09051E05883C00E093E9 /* C_info.txt */,
				D7EB09061E05883C00E093E9 /* S_info.txt */,
				D7EB09071E05883C00E093E9 /* Stu_info.txt */,
				D7EB09081E05883C00E093E9 /* stu_info2.txt */,
				D7EB09091E05883C00E093E9 /* stu_info5.txt */,
				D7EB090A1E05883C00E093E9 /* stu_param.txt */,
				D7EB090B1E05883C00E093E9 /* stu_param2.txt */,
				D7EB090C1E05883C00E093E9 /* stu_param5.txt */,
				D77A5C141DF47B040036449B /* DataBase.c */,
				D78B54411DF7F8BA00F40455 /* HZHfunc.c */,
				D71C8CAF1DF1E580007BD820 /* main.c */,
				D7A85C2D1DFEA91B006BB60E /* Menu.c */,
				D7A85C2E1DFEA91B006BB60E /* ZCRUI.c */,
				D77A5C151DF47B040036449B /* DataBase.h */,
				D7A85C2B1DFEA91B006BB60E /* menu.h */,
			);
			path = StudentManageSystem;
			sourceTree = "<group>";
		};
/* End PBXGroup section */

/* Begin PBXNativeTarget section */
		D71C8CAB1DF1E580007BD820 /* StudentManageSystem */ = {
			isa = PBXNativeTarget;
			buildConfigurationList = D71C8CB31DF1E580007BD820 /* Build configuration list for PBXNativeTarget "StudentManageSystem" */;
			buildPhases = (
				D71C8CA81DF1E580007BD820 /* Sources */,
				D71C8CA91DF1E580007BD820 /* Frameworks */,
				D71C8CAA1DF1E580007BD820 /* CopyFiles */,
			);
			buildRules = (
			);
			dependencies = (
			);
			name = StudentManageSystem;
			productName = StudentManageSystem;
			productReference = D71C8CAC1DF1E580007BD820 /* StudentManageSystem */;
			productType = "com.apple.product-type.tool";
		};
/* End PBXNativeTarget section */

/* Begin PBXProject section */
		D71C8CA41DF1E580007BD820 /* Project object */ = {
			isa = PBXProject;
			attributes = {
				LastUpgradeCheck = 0810;
				ORGANIZATIONNAME = Wongziihou;
				TargetAttributes = {
					D71C8CAB1DF1E580007BD820 = {
						CreatedOnToolsVersion = 8.1;
						ProvisioningStyle = Automatic;
					};
				};
			};
			buildConfigurationList = D71C8CA71DF1E580007BD820 /* Build configuration list for PBXProject "StudentManageSystem" */;
			compatibilityVersion = "Xcode 3.2";
			developmentRegion = English;
			hasScannedForEncodings = 0;
			knownRegions = (
				en,
			);
			mainGroup = D71C8CA31DF1E580007BD820;
			productRefGroup = D71C8CAD1DF1E580007BD820 /* Products */;
			projectDirPath = "";
			projectRoot = "";
			targets = (
				D71C8CAB1DF1E580007BD820 /* StudentManageSystem */,
			);
		};
/* End PBXProject section */

/* Begin PBXSourcesBuildPhase section */
		D71C8CA81DF1E580007BD820 /* Sources */ = {
			isa = PBXSourcesBuildPhase;
			buildActionMask = 2147483647;
			files = (
				D7A85C2F1DFEA91B006BB60E /* Menu.c in Sources */,
				D7A85C301DFEA91B006BB60E /* ZCRUI.c in Sources */,
				D78B54421DF7F8BA00F40455 /* HZHfunc.c in Sources */,
				D77A5C161DF47B040036449B /* DataBase.c in Sources */,
				D71C8CB01DF1E580007BD820 /* main.c in Sources */,
			);
			runOnlyForDeploymentPostprocessing = 0;
		};
/* End PBXSourcesBuildPhase section */

/* Begin XCBuildConfiguration section */
		D71C8CB11DF1E580007BD820 /* Debug */ = {
			isa = XCBuildConfiguration;
			buildSettings = {
				ALWAYS_SEARCH_USER_PATHS = NO;
				CLANG_ANALYZER_NONNULL = YES;
				CLANG_CXX_LANGUAGE_STANDARD = "gnu++0x";
				CLANG_CXX_LIBRARY = "libc++";
				CLANG_ENABLE_MODULES = YES;
				CLANG_ENABLE_OBJC_ARC = YES;
				CLANG_WARN_BOOL_CONVERSION = YES;
				CLANG_WARN_CONSTANT_CONVERSION = YES;
				CLANG_WARN_DIRECT_OBJC_ISA_USAGE = YES_ERROR;
				CLANG_WARN_DOCUMENTATION_COMMENTS = YES;
				CLANG_WARN_EMPTY_BODY = YES;
				CLANG_WARN_ENUM_CONVERSION = YES;
				CLANG_WARN_INFINITE_RECURSION = YES;
				CLANG_WARN_INT_CONVERSION = YES;
				CLANG_WARN_OBJC_ROOT_CLASS = YES_ERROR;
				CLANG_WARN_SUSPICIOUS_MOVES = YES;
				CLANG_WARN_UNREACHABLE_CODE = YES;
				CLANG_WARN__DUPLICATE_METHOD_MATCH = YES;
				CODE_SIGN_IDENTITY = "-";
				COPY_PHASE_STRIP = NO;
				DEBUG_INFORMATION_FORMAT = dwarf;
				ENABLE_STRICT_OBJC_MSGSEND = YES;
				ENABLE_TESTABILITY = YES;
				GCC_C_LANGUAGE_STANDARD = gnu99;
				GCC_DYNAMIC_NO_PIC = NO;
				GCC_NO_COMMON_BLOCKS = YES;
				GCC_OPTIMIZATION_LEVEL = 0;
				GCC_PREPROCESSOR_DEFINITIONS = (
					"DEBUG=1",
					"$(inherited)",
				);
				GCC_WARN_64_TO_32_BIT_CONVERSION = YES;
				GCC_WARN_ABOUT_RETURN_TYPE = YES_ERROR;
				GCC_WARN_UNDECLARED_SELECTOR = YES;
				GCC_WARN_UNINITIALIZED_AUTOS = YES_AGGRESSIVE;
				GCC_WARN_UNUSED_FUNCTION = YES;
				GCC_WARN_UNUSED_VARIABLE = YES;
				MACOSX_DEPLOYMENT_TARGET = 10.12;
				MTL_ENABLE_DEBUG_INFO = YES;
				ONLY_ACTIVE_ARCH = YES;
				SDKROOT = macosx;
			};
			name = Debug;
		};
		D71C8CB21DF1E580007BD820 /* Release */ = {
			isa = XCBuildConfiguration;
			buildSettings = {
				ALWAYS_SEARCH_USER_PATHS = NO;
				CLANG_ANALYZER_NONNULL = YES;
				CLANG_CXX_LANGUAGE_STANDARD = "gnu++0x";
				CLANG_CXX_LIBRARY = "libc++";
				CLANG_ENABLE_MODULES = YES;
				CLANG_ENABLE_OBJC_ARC = YES;
				CLANG_WARN_BOOL_CONVERSION = YES;
				CLANG_WARN_CONSTANT_CONVERSION = YES;
				CLANG_WARN_DIRECT_OBJC_ISA_USAGE = YES_ERROR;
				CLANG_WARN_DOCUMENTATION_COMMENTS = YES;
				CLANG_WARN_EMPTY_BODY = YES;
				CLANG_WARN_ENUM_CONVERSION = YES;
				CLANG_WARN_INFINITE_RECURSION = YES;
				CLANG_WARN_INT_CONVERSION = YES;
				CLANG_WARN_OBJC_ROOT_CLASS = YES_ERROR;
				CLANG_WARN_SUSPICIOUS_MOVES = YES;
				CLANG_WARN_UNREACHABLE_CODE = YES;
				CLANG_WARN__DUPLICATE_METHOD_MATCH = YES;
				CODE_SIGN_IDENTITY = "-";
				COPY_PHASE_STRIP = NO;
				DEBUG_INFORMATION_FORMAT = "dwarf-with-dsym";
				ENABLE_NS_ASSERTIONS = NO;
				ENABLE_STRICT_OBJC_MSGSEND = YES;
				GCC_C_LANGUAGE_STANDARD = gnu99;
				GCC_NO_COMMON_BLOCKS = YES;
				GCC_WARN_64_TO_32_BIT_CONVERSION = YES;
				GCC_WARN_ABOUT_RETURN_TYPE = YES_ERROR;
				GCC_WARN_UNDECLARED_SELECTOR = YES;
				GCC_WARN_UNINITIALIZED_AUTOS = YES_AGGRESSIVE;
				GCC_WARN_UNUSED_FUNCTION = YES;
				GCC_WARN_UNUSED_VARIABLE = YES;
				MACOSX_DEPLOYMENT_TARGET = 10.12;
				MTL_ENABLE_DEBUG_INFO = NO;
				SDKROOT = macosx;
			};
			name = Release;
		};
		D71C8CB41DF1E580007BD820 /* Debug */ = {
			isa = XCBuildConfiguration;
			buildSettings = {
				MACOSX_DEPLOYMENT_TARGET = 10.12;
				PRODUCT_NAME = "$(TARGET_NAME)";
			};
			name = Debug;
		};
		D71C8CB51DF1E580007BD820 /* Release */ = {
			isa = XCBuildConfiguration;
			buildSettings = {
				MACOSX_DEPLOYMENT_TARGET = 10.12;
				PRODUCT_NAME = "$(TARGET_NAME)";
			};
			name = Release;
		};
/* End XCBuildConfiguration section */

/* Begin XCConfigurationList section */
		D71C8CA71DF1E580007BD820 /* Build configuration list for PBXProject "StudentManageSystem" */ = {
			isa = XCConfigurationList;
			buildConfigurations = (
				D71C8CB11DF1E580007BD820 /* Debug */,
				D71C8CB21DF1E580007BD820 /* Release */,
			);
			defaultConfigurationIsVisible = 0;
			defaultConfigurationName = Release;
		};
		D71C8CB31DF1E580007BD820 /* Build configuration list for PBXNativeTarget "StudentManageSystem" */ = {
			isa = XCConfigurationList;
			buildConfigurations = (
				D71C8CB41DF1E580007BD820 /* Debug */,
				D71C8CB51DF1E580007BD820 /* Release */,
			);
			defaultConfigurationIsVisible = 0;
			defaultConfigurationName = Release;
		};
/* End XCConfigurationList section */
	};
	rootObject = D71C8CA41DF1E580007BD820 /* Project object */;
}
